
Microsoft Visual Studio Solution File, Format Version 12.00
# Visual Studio 15
VisualStudioVersion = 15.0.27428.1
MinimumVisualStudioVersion = 10.0.40219.1
Project("{9A19103F-16F7-4668-BE54-9A1E7A4F7556}") = "NMS", "NMS\NMS.csproj", "{A1DB92B4-8A53-4F6D-83BF-E9A445560B32}"
EndProject
Global
	GlobalSection(SolutionConfigurationPlatforms) = preSolution
		Debug|Any CPU = Debug|Any CPU
		Release|Any CPU = Release|Any CPU
	EndGlobalSection
	GlobalSection(ProjectConfigurationPlatforms) = postSolution
		{A1DB92B4-8A53-4F6D-83BF-E9A445560B32}.Debug|Any CPU.ActiveCfg = Debug|Any CPU
		{A1DB92B4-8A53-4F6D-83BF-E9A445560B32}.Debug|Any CPU.Build.0 = Debug|Any CPU
		{A1DB92B4-8A53-4F6D-83BF-E9A445560B32}.Release|Any CPU.ActiveCfg = Release|Any CPU
		{A1DB92B4-8A53-4F6D-83BF-E9A445560B32}.Release|Any CPU.Build.0 = Release|Any CPU
	EndGlobalSection
	GlobalSection(SolutionProperties) = preSolution
		HideSolutionNode = FALSE
	EndGlobalSection
	GlobalSection(ExtensibilityGlobals) = postSolution
		SolutionGuid = {6495E76D-A808-49FB-B7A8-4600CC4ACB45}
	EndGlobalSection
EndGlobal
